<?xml version="1.0" encoding="utf-8"?>
<Project ToolsVersion="4.0" xmlns="http://schemas.microsoft.com/developer/msbuild/2003">
  <ItemGroup>
    <ClCompile Include="src\ground.cpp">
      <Filter>Source</Filter>
    </ClCompile>
    <ClCompile Include="src\ext.cpp">
      <Filter>Source</Filter>
    </ClCompile>
    <ClCompile Include="src\main.cpp">
      <Filter>Source</Filter>
    </ClCompile>
    <ClCompile Include="src\primitive.cpp">
      <Filter>Source</Filter>
    </ClCompile>
    <ClCompile Include="src\shader.cpp">
      <Filter>Source</Filter>
    </ClCompile>
    <ClCompile Include="src\texture.cpp">
      <Filter>Source</Filter>
    </ClCompile>
    <ClCompile Include="src\viewer.cpp">
      <Filter>Source</Filter>
    </ClCompile>
    <ClCompile Include="src\ext\dearimgui\imgui.cpp">
      <Filter>Source\dearimgui</Filter>
    </ClCompile>
    <ClCompile Include="src\ext\dearimgui\imgui_demo.cpp">
      <Filter>Source\dearimgui</Filter>
    </ClCompile>
    <ClCompile Include="src\ext\dearimgui\imgui_draw.cpp">
      <Filter>Source\dearimgui</Filter>
    </ClCompile>
    <ClCompile Include="src\ext\dearimgui\imgui_impl_glfw.cpp">
      <Filter>Source\dearimgui</Filter>
    </ClCompile>
    <ClCompile Include="src\ext\dearimgui\imgui_impl_opengl3.cpp">
      <Filter>Source\dearimgui</Filter>
    </ClCompile>
    <ClCompile Include="src\ext\dearimgui\imgui_tables.cpp">
      <Filter>Source\dearimgui</Filter>
    </ClCompile>
    <ClCompile Include="src\ext\dearimgui\imgui_widgets.cpp">
      <Filter>Source\dearimgui</Filter>
    </ClCompile>
    <ClCompile Include="src\fluid_collider.cpp">
      <Filter>Source</Filter>
    </ClCompile>
    <ClCompile Include="src\hash_grid.cpp">
      <Filter>Source</Filter>
    </ClCompile>
    <ClCompile Include="src\fluid_object.cpp">
      <Filter>Source</Filter>
    </ClCompile>
    <ClCompile Include="src\fluid_solver.cpp">
      <Filter>Source</Filter>
    </ClCompile>
  </ItemGroup>
  <ItemGroup>
    <ClInclude Include="incl\mesh.h">
      <Filter>Headers</Filter>
    </ClInclude>
    <ClInclude Include="incl\primitive.h">
      <Filter>Headers</Filter>
    </ClInclude>
    <ClInclude Include="incl\shader.h">
      <Filter>Headers</Filter>
    </ClInclude>
    <ClInclude Include="incl\texture.h">
      <Filter>Headers</Filter>
    </ClInclude>
    <ClInclude Include="incl\viewer.h">
      <Filter>Headers</Filter>
    </ClInclude>
    <ClInclude Include="incl\fluid_solver.h">
      <Filter>Headers</Filter>
    </ClInclude>
    <ClInclude Include="incl\fluid_collider.h">
      <Filter>Headers</Filter>
    </ClInclude>
    <ClInclude Include="incl\hash_grid.h">
      <Filter>Headers</Filter>
    </ClInclude>
    <ClInclude Include="incl\fluid_object.h">
      <Filter>Headers</Filter>
    </ClInclude>
  </ItemGroup>
  <ItemGroup>
    <Filter Include="Headers">
      <UniqueIdentifier>{a2d9e64f-b680-47fc-b302-e80d8f698dab}</UniqueIdentifier>
    </Filter>
    <Filter Include="Source">
      <UniqueIdentifier>{086f43fb-5e85-4733-a011-eea332a06665}</UniqueIdentifier>
    </Filter>
    <Filter Include="Source\dearimgui">
      <UniqueIdentifier>{3177ae75-0ff8-4644-ba9d-c86d9d39e636}</UniqueIdentifier>
    </Filter>
  </ItemGroup>
</Project>